// !$*UTF8*$!
{
	archiveVersion = 1;
	classes = {
	};
	objectVersion = 56;
	objects = {

/* Begin PBXBuildFile section */
		0148DF2E2A2A3F14008D3993 /* UserView.swift in Sources */ = {isa = PBXBuildFile; fileRef = 0148DF2D2A2A3F14008D3993 /* UserView.swift */; };
		0148DF302A2A4A1F008D3993 /* BackGroundView.swift in Sources */ = {isa = PBXBuildFile; fileRef = 0148DF2F2A2A4A1F008D3993 /* BackGroundView.swift */; };
		0197BD152A25AF3900A250C9 /* recentEventView.swift in Sources */ = {isa = PBXBuildFile; fileRef = 0197BD142A25AF3900A250C9 /* recentEventView.swift */; };
		0197BD172A263FDB00A250C9 /* matchesData.json in Resources */ = {isa = PBXBuildFile; fileRef = 0197BD162A263FDB00A250C9 /* matchesData.json */; };
		0197BD192A27929B00A250C9 /* recommendView.swift in Sources */ = {isa = PBXBuildFile; fileRef = 0197BD182A27929B00A250C9 /* recommendView.swift */; };
		019A5CE82A24C32900F2F654 /* NvgBar.swift in Sources */ = {isa = PBXBuildFile; fileRef = 019A5CE72A24C32900F2F654 /* NvgBar.swift */; };
		01E14A6D2A24830A0036F19D /* purple.gif in Resources */ = {isa = PBXBuildFile; fileRef = 01E14A6C2A24830A0036F19D /* purple.gif */; };
		01E14A732A2498EE0036F19D /* events in Resources */ = {isa = PBXBuildFile; fileRef = 01E14A722A2498EE0036F19D /* events */; };
		DB0905BEB43F6D9EFFC6F9E4 /* Pods_AsiadCal.framework in Frameworks */ = {isa = PBXBuildFile; fileRef = 74A47C53BFD444C1FD5B1D06 /* Pods_AsiadCal.framework */; };
		F29FFCE32A1CD74700F74FF7 /* AsiadCalApp.swift in Sources */ = {isa = PBXBuildFile; fileRef = F29FFCE22A1CD74700F74FF7 /* AsiadCalApp.swift */; };
		F29FFCE52A1CD74700F74FF7 /* ContentView.swift in Sources */ = {isa = PBXBuildFile; fileRef = F29FFCE42A1CD74700F74FF7 /* ContentView.swift */; };
		F29FFCE72A1CD74800F74FF7 /* Assets.xcassets in Resources */ = {isa = PBXBuildFile; fileRef = F29FFCE62A1CD74800F74FF7 /* Assets.xcassets */; };
		F29FFCEA2A1CD74800F74FF7 /* Preview Assets.xcassets in Resources */ = {isa = PBXBuildFile; fileRef = F29FFCE92A1CD74800F74FF7 /* Preview Assets.xcassets */; };
		F29FFCF42A1CD74800F74FF7 /* AsiadCalTests.swift in Sources */ = {isa = PBXBuildFile; fileRef = F29FFCF32A1CD74800F74FF7 /* AsiadCalTests.swift */; };
		F29FFCFE2A1CD74800F74FF7 /* AsiadCalUITests.swift in Sources */ = {isa = PBXBuildFile; fileRef = F29FFCFD2A1CD74800F74FF7 /* AsiadCalUITests.swift */; };
		F29FFD002A1CD74800F74FF7 /* AsiadCalUITestsLaunchTests.swift in Sources */ = {isa = PBXBuildFile; fileRef = F29FFCFF2A1CD74800F74FF7 /* AsiadCalUITestsLaunchTests.swift */; };
		F29FFD0D2A1CD84D00F74FF7 /* CalendarList.swift in Sources */ = {isa = PBXBuildFile; fileRef = F29FFD0C2A1CD84D00F74FF7 /* CalendarList.swift */; };
		F29FFD0F2A1CD86F00F74FF7 /* CalendarView.swift in Sources */ = {isa = PBXBuildFile; fileRef = F29FFD0E2A1CD86F00F74FF7 /* CalendarView.swift */; };
		F2A095C02A2A3D5A00509A21 /* yellow.gif in Resources */ = {isa = PBXBuildFile; fileRef = F2A095BB2A2A3D5900509A21 /* yellow.gif */; };
		F2A095C12A2A3D5A00509A21 /* blue.gif in Resources */ = {isa = PBXBuildFile; fileRef = F2A095BC2A2A3D5900509A21 /* blue.gif */; };
		F2A095C22A2A3D5A00509A21 /* red.gif in Resources */ = {isa = PBXBuildFile; fileRef = F2A095BD2A2A3D5900509A21 /* red.gif */; };
		F2A095C32A2A3D5A00509A21 /* white.gif in Resources */ = {isa = PBXBuildFile; fileRef = F2A095BE2A2A3D5A00509A21 /* white.gif */; };
		F2A095C42A2A3D5A00509A21 /* green.gif in Resources */ = {isa = PBXBuildFile; fileRef = F2A095BF2A2A3D5A00509A21 /* green.gif */; };
		F2DD731F2A244DE2001712C1 /* RugbySevens.gif in Resources */ = {isa = PBXBuildFile; fileRef = F2DD73122A244DE2001712C1 /* RugbySevens.gif */; };
		F2DD73202A244DE2001712C1 /* Athletics.gif in Resources */ = {isa = PBXBuildFile; fileRef = F2DD73132A244DE2001712C1 /* Athletics.gif */; };
		F2DD73212A244DE2001712C1 /* Swimming.gif in Resources */ = {isa = PBXBuildFile; fileRef = F2DD73142A244DE2001712C1 /* Swimming.gif */; };
		F2DD73222A244DE2001712C1 /* Boxing.gif in Resources */ = {isa = PBXBuildFile; fileRef = F2DD73152A244DE2001712C1 /* Boxing.gif */; };
		F2DD73232A244DE2001712C1 /* CanoeSlalom.gif in Resources */ = {isa = PBXBuildFile; fileRef = F2DD73162A244DE2001712C1 /* CanoeSlalom.gif */; };
		F2DD73242A244DE2001712C1 /* Football.gif in Resources */ = {isa = PBXBuildFile; fileRef = F2DD73172A244DE2001712C1 /* Football.gif */; };
		F2DD73252A244DE2001712C1 /* Basketball.gif in Resources */ = {isa = PBXBuildFile; fileRef = F2DD73182A244DE2001712C1 /* Basketball.gif */; };
		F2DD73262A244DE2001712C1 /* DragonBoat.gif in Resources */ = {isa = PBXBuildFile; fileRef = F2DD73192A244DE2001712C1 /* DragonBoat.gif */; };
		F2DD73272A244DE2001712C1 /* CyclingRoad.gif in Resources */ = {isa = PBXBuildFile; fileRef = F2DD731A2A244DE2001712C1 /* CyclingRoad.gif */; };
		F2DD73282A244DE2001712C1 /* TableTennis.gif in Resources */ = {isa = PBXBuildFile; fileRef = F2DD731B2A244DE2001712C1 /* TableTennis.gif */; };
		F2DD73292A244DE2001712C1 /* CyclingMTB.gif in Resources */ = {isa = PBXBuildFile; fileRef = F2DD731C2A244DE2001712C1 /* CyclingMTB.gif */; };
		F2DD732A2A244DE2001712C1 /* Trampoline.gif in Resources */ = {isa = PBXBuildFile; fileRef = F2DD731D2A244DE2001712C1 /* Trampoline.gif */; };
		F2DD732B2A244DE2001712C1 /* Fencing.gif in Resources */ = {isa = PBXBuildFile; fileRef = F2DD731E2A244DE2001712C1 /* Fencing.gif */; };
		F2DD732D2A244E10001712C1 /* ProjView.swift in Sources */ = {isa = PBXBuildFile; fileRef = F2DD732C2A244E10001712C1 /* ProjView.swift */; };
		F2DD732F2A244E5D001712C1 /* CircleView.swift in Sources */ = {isa = PBXBuildFile; fileRef = F2DD732E2A244E5D001712C1 /* CircleView.swift */; };
		F2DD73312A244ED1001712C1 /* ProjData.swift in Sources */ = {isa = PBXBuildFile; fileRef = F2DD73302A244ED1001712C1 /* ProjData.swift */; };
		F2DD73332A244EFE001712C1 /* ProjListView.swift in Sources */ = {isa = PBXBuildFile; fileRef = F2DD73322A244EFE001712C1 /* ProjListView.swift */; };
		F2DD73352A24521D001712C1 /* GlobalData.swift in Sources */ = {isa = PBXBuildFile; fileRef = F2DD73342A24521D001712C1 /* GlobalData.swift */; };
		F2DD73372A248F80001712C1 /* projDetailView.swift in Sources */ = {isa = PBXBuildFile; fileRef = F2DD73362A248F80001712C1 /* projDetailView.swift */; };
		F2DD73392A249C42001712C1 /* MatchCapsuleView.swift in Sources */ = {isa = PBXBuildFile; fileRef = F2DD73382A249C42001712C1 /* MatchCapsuleView.swift */; };
/* End PBXBuildFile section */

/* Begin PBXContainerItemProxy section */
		F29FFCF02A1CD74800F74FF7 /* PBXContainerItemProxy */ = {
			isa = PBXContainerItemProxy;
			containerPortal = F29FFCD72A1CD74700F74FF7 /* Project object */;
			proxyType = 1;
			remoteGlobalIDString = F29FFCDE2A1CD74700F74FF7;
			remoteInfo = AsiadCal;
		};
		F29FFCFA2A1CD74800F74FF7 /* PBXContainerItemProxy */ = {
			isa = PBXContainerItemProxy;
			containerPortal = F29FFCD72A1CD74700F74FF7 /* Project object */;
			proxyType = 1;
			remoteGlobalIDString = F29FFCDE2A1CD74700F74FF7;
			remoteInfo = AsiadCal;
		};
/* End PBXContainerItemProxy section */

/* Begin PBXFileReference section */
		0148DF2D2A2A3F14008D3993 /* UserView.swift */ = {isa = PBXFileReference; lastKnownFileType = sourcecode.swift; path = UserView.swift; sourceTree = "<group>"; };
		0148DF2F2A2A4A1F008D3993 /* BackGroundView.swift */ = {isa = PBXFileReference; lastKnownFileType = sourcecode.swift; path = BackGroundView.swift; sourceTree = "<group>"; };
		0197BD142A25AF3900A250C9 /* recentEventView.swift */ = {isa = PBXFileReference; lastKnownFileType = sourcecode.swift; path = recentEventView.swift; sourceTree = "<group>"; };
		0197BD162A263FDB00A250C9 /* matchesData.json */ = {isa = PBXFileReference; fileEncoding = 4; lastKnownFileType = text.json; path = matchesData.json; sourceTree = "<group>"; };
		0197BD182A27929B00A250C9 /* recommendView.swift */ = {isa = PBXFileReference; fileEncoding = 4; lastKnownFileType = sourcecode.swift; path = recommendView.swift; sourceTree = "<group>"; };
		019A5CE72A24C32900F2F654 /* NvgBar.swift */ = {isa = PBXFileReference; lastKnownFileType = sourcecode.swift; path = NvgBar.swift; sourceTree = "<group>"; };
		01E14A6C2A24830A0036F19D /* purple.gif */ = {isa = PBXFileReference; lastKnownFileType = image.gif; path = purple.gif; sourceTree = "<group>"; };
		01E14A722A2498EE0036F19D /* events */ = {isa = PBXFileReference; lastKnownFileType = text; path = events; sourceTree = "<group>"; };
		3460C89AFE68EAF7FF18B341 /* Pods-AsiadCal.debug.xcconfig */ = {isa = PBXFileReference; includeInIndex = 1; lastKnownFileType = text.xcconfig; name = "Pods-AsiadCal.debug.xcconfig"; path = "Target Support Files/Pods-AsiadCal/Pods-AsiadCal.debug.xcconfig"; sourceTree = "<group>"; };
		74A47C53BFD444C1FD5B1D06 /* Pods_AsiadCal.framework */ = {isa = PBXFileReference; explicitFileType = wrapper.framework; includeInIndex = 0; path = Pods_AsiadCal.framework; sourceTree = BUILT_PRODUCTS_DIR; };
		94F9BDAB82CF89C04988B940 /* Pods-AsiadCal.release.xcconfig */ = {isa = PBXFileReference; includeInIndex = 1; lastKnownFileType = text.xcconfig; name = "Pods-AsiadCal.release.xcconfig"; path = "Target Support Files/Pods-AsiadCal/Pods-AsiadCal.release.xcconfig"; sourceTree = "<group>"; };
		F29FFCDF2A1CD74700F74FF7 /* AsiadCal.app */ = {isa = PBXFileReference; explicitFileType = wrapper.application; includeInIndex = 0; path = AsiadCal.app; sourceTree = BUILT_PRODUCTS_DIR; };
		F29FFCE22A1CD74700F74FF7 /* AsiadCalApp.swift */ = {isa = PBXFileReference; lastKnownFileType = sourcecode.swift; path = AsiadCalApp.swift; sourceTree = "<group>"; };
		F29FFCE42A1CD74700F74FF7 /* ContentView.swift */ = {isa = PBXFileReference; lastKnownFileType = sourcecode.swift; path = ContentView.swift; sourceTree = "<group>"; };
		F29FFCE62A1CD74800F74FF7 /* Assets.xcassets */ = {isa = PBXFileReference; lastKnownFileType = folder.assetcatalog; path = Assets.xcassets; sourceTree = "<group>"; };
		F29FFCE92A1CD74800F74FF7 /* Preview Assets.xcassets */ = {isa = PBXFileReference; lastKnownFileType = folder.assetcatalog; path = "Preview Assets.xcassets"; sourceTree = "<group>"; };
		F29FFCEF2A1CD74800F74FF7 /* AsiadCalTests.xctest */ = {isa = PBXFileReference; explicitFileType = wrapper.cfbundle; includeInIndex = 0; path = AsiadCalTests.xctest; sourceTree = BUILT_PRODUCTS_DIR; };
		F29FFCF32A1CD74800F74FF7 /* AsiadCalTests.swift */ = {isa = PBXFileReference; lastKnownFileType = sourcecode.swift; path = AsiadCalTests.swift; sourceTree = "<group>"; };
		F29FFCF92A1CD74800F74FF7 /* AsiadCalUITests.xctest */ = {isa = PBXFileReference; explicitFileType = wrapper.cfbundle; includeInIndex = 0; path = AsiadCalUITests.xctest; sourceTree = BUILT_PRODUCTS_DIR; };
		F29FFCFD2A1CD74800F74FF7 /* AsiadCalUITests.swift */ = {isa = PBXFileReference; lastKnownFileType = sourcecode.swift; path = AsiadCalUITests.swift; sourceTree = "<group>"; };
		F29FFCFF2A1CD74800F74FF7 /* AsiadCalUITestsLaunchTests.swift */ = {isa = PBXFileReference; lastKnownFileType = sourcecode.swift; path = AsiadCalUITestsLaunchTests.swift; sourceTree = "<group>"; };
		F29FFD0C2A1CD84D00F74FF7 /* CalendarList.swift */ = {isa = PBXFileReference; lastKnownFileType = sourcecode.swift; path = CalendarList.swift; sourceTree = "<group>"; };
		F29FFD0E2A1CD86F00F74FF7 /* CalendarView.swift */ = {isa = PBXFileReference; lastKnownFileType = sourcecode.swift; path = CalendarView.swift; sourceTree = "<group>"; };
		F2A095BB2A2A3D5900509A21 /* yellow.gif */ = {isa = PBXFileReference; lastKnownFileType = image.gif; path = yellow.gif; sourceTree = "<group>"; };
		F2A095BC2A2A3D5900509A21 /* blue.gif */ = {isa = PBXFileReference; lastKnownFileType = image.gif; path = blue.gif; sourceTree = "<group>"; };
		F2A095BD2A2A3D5900509A21 /* red.gif */ = {isa = PBXFileReference; lastKnownFileType = image.gif; path = red.gif; sourceTree = "<group>"; };
		F2A095BE2A2A3D5A00509A21 /* white.gif */ = {isa = PBXFileReference; lastKnownFileType = image.gif; path = white.gif; sourceTree = "<group>"; };
		F2A095BF2A2A3D5A00509A21 /* green.gif */ = {isa = PBXFileReference; lastKnownFileType = image.gif; path = green.gif; sourceTree = "<group>"; };
		F2DD73122A244DE2001712C1 /* RugbySevens.gif */ = {isa = PBXFileReference; lastKnownFileType = image.gif; path = RugbySevens.gif; sourceTree = "<group>"; };
		F2DD73132A244DE2001712C1 /* Athletics.gif */ = {isa = PBXFileReference; lastKnownFileType = image.gif; path = Athletics.gif; sourceTree = "<group>"; };
		F2DD73142A244DE2001712C1 /* Swimming.gif */ = {isa = PBXFileReference; lastKnownFileType = image.gif; path = Swimming.gif; sourceTree = "<group>"; };
		F2DD73152A244DE2001712C1 /* Boxing.gif */ = {isa = PBXFileReference; lastKnownFileType = image.gif; path = Boxing.gif; sourceTree = "<group>"; };
		F2DD73162A244DE2001712C1 /* CanoeSlalom.gif */ = {isa = PBXFileReference; lastKnownFileType = image.gif; path = CanoeSlalom.gif; sourceTree = "<group>"; };
		F2DD73172A244DE2001712C1 /* Football.gif */ = {isa = PBXFileReference; lastKnownFileType = image.gif; path = Football.gif; sourceTree = "<group>"; };
		F2DD73182A244DE2001712C1 /* Basketball.gif */ = {isa = PBXFileReference; lastKnownFileType = image.gif; path = Basketball.gif; sourceTree = "<group>"; };
		F2DD73192A244DE2001712C1 /* DragonBoat.gif */ = {isa = PBXFileReference; lastKnownFileType = image.gif; path = DragonBoat.gif; sourceTree = "<group>"; };
		F2DD731A2A244DE2001712C1 /* CyclingRoad.gif */ = {isa = PBXFileReference; lastKnownFileType = image.gif; path = CyclingRoad.gif; sourceTree = "<group>"; };
		F2DD731B2A244DE2001712C1 /* TableTennis.gif */ = {isa = PBXFileReference; lastKnownFileType = image.gif; path = TableTennis.gif; sourceTree = "<group>"; };
		F2DD731C2A244DE2001712C1 /* CyclingMTB.gif */ = {isa = PBXFileReference; lastKnownFileType = image.gif; path = CyclingMTB.gif; sourceTree = "<group>"; };
		F2DD731D2A244DE2001712C1 /* Trampoline.gif */ = {isa = PBXFileReference; lastKnownFileType = image.gif; path = Trampoline.gif; sourceTree = "<group>"; };
		F2DD731E2A244DE2001712C1 /* Fencing.gif */ = {isa = PBXFileReference; lastKnownFileType = image.gif; path = Fencing.gif; sourceTree = "<group>"; };
		F2DD732C2A244E10001712C1 /* ProjView.swift */ = {isa = PBXFileReference; lastKnownFileType = sourcecode.swift; path = ProjView.swift; sourceTree = "<group>"; };
		F2DD732E2A244E5D001712C1 /* CircleView.swift */ = {isa = PBXFileReference; lastKnownFileType = sourcecode.swift; path = CircleView.swift; sourceTree = "<group>"; };
		F2DD73302A244ED1001712C1 /* ProjData.swift */ = {isa = PBXFileReference; lastKnownFileType = sourcecode.swift; path = ProjData.swift; sourceTree = "<group>"; };
		F2DD73322A244EFE001712C1 /* ProjListView.swift */ = {isa = PBXFileReference; lastKnownFileType = sourcecode.swift; path = ProjListView.swift; sourceTree = "<group>"; };
		F2DD73342A24521D001712C1 /* GlobalData.swift */ = {isa = PBXFileReference; lastKnownFileType = sourcecode.swift; path = GlobalData.swift; sourceTree = "<group>"; };
		F2DD73362A248F80001712C1 /* projDetailView.swift */ = {isa = PBXFileReference; lastKnownFileType = sourcecode.swift; path = projDetailView.swift; sourceTree = "<group>"; };
		F2DD73382A249C42001712C1 /* MatchCapsuleView.swift */ = {isa = PBXFileReference; lastKnownFileType = sourcecode.swift; path = MatchCapsuleView.swift; sourceTree = "<group>"; };
/* End PBXFileReference section */

/* Begin PBXFrameworksBuildPhase section */
		F29FFCDC2A1CD74700F74FF7 /* Frameworks */ = {
			isa = PBXFrameworksBuildPhase;
			buildActionMask = 2147483647;
			files = (
				DB0905BEB43F6D9EFFC6F9E4 /* Pods_AsiadCal.framework in Frameworks */,
			);
			runOnlyForDeploymentPostprocessing = 0;
		};
		F29FFCEC2A1CD74800F74FF7 /* Frameworks */ = {
			isa = PBXFrameworksBuildPhase;
			buildActionMask = 2147483647;
			files = (
			);
			runOnlyForDeploymentPostprocessing = 0;
		};
		F29FFCF62A1CD74800F74FF7 /* Frameworks */ = {
			isa = PBXFrameworksBuildPhase;
			buildActionMask = 2147483647;
			files = (
			);
			runOnlyForDeploymentPostprocessing = 0;
		};
/* End PBXFrameworksBuildPhase section */

/* Begin PBXGroup section */
		01E14A6B2A24827B0036F19D /* backGround */ = {
			isa = PBXGroup;
			children = (
				F2A095BC2A2A3D5900509A21 /* blue.gif */,
				F2A095BF2A2A3D5A00509A21 /* green.gif */,
				F2A095BD2A2A3D5900509A21 /* red.gif */,
				F2A095BE2A2A3D5A00509A21 /* white.gif */,
				F2A095BB2A2A3D5900509A21 /* yellow.gif */,
				01E14A6C2A24830A0036F19D /* purple.gif */,
			);
			path = backGround;
			sourceTree = "<group>";
		};
		01E14A6E2A24974C0036F19D /* AsiadEvents */ = {
			isa = PBXGroup;
			children = (
				01E14A722A2498EE0036F19D /* events */,
			);
			path = AsiadEvents;
			sourceTree = "<group>";
		};
		1A4B2A2B74AE68B2675E06E7 /* Frameworks */ = {
			isa = PBXGroup;
			children = (
				74A47C53BFD444C1FD5B1D06 /* Pods_AsiadCal.framework */,
			);
			name = Frameworks;
			sourceTree = "<group>";
		};
		EA76CD726190C47EAACCE53D /* Pods */ = {
			isa = PBXGroup;
			children = (
				3460C89AFE68EAF7FF18B341 /* Pods-AsiadCal.debug.xcconfig */,
				94F9BDAB82CF89C04988B940 /* Pods-AsiadCal.release.xcconfig */,
			);
			path = Pods;
			sourceTree = "<group>";
		};
		F29FFCD62A1CD74700F74FF7 = {
			isa = PBXGroup;
			children = (
				F29FFCE12A1CD74700F74FF7 /* AsiadCal */,
				F29FFCF22A1CD74800F74FF7 /* AsiadCalTests */,
				F29FFCFC2A1CD74800F74FF7 /* AsiadCalUITests */,
				F29FFCE02A1CD74700F74FF7 /* Products */,
				EA76CD726190C47EAACCE53D /* Pods */,
				1A4B2A2B74AE68B2675E06E7 /* Frameworks */,
			);
			sourceTree = "<group>";
		};
		F29FFCE02A1CD74700F74FF7 /* Products */ = {
			isa = PBXGroup;
			children = (
				F29FFCDF2A1CD74700F74FF7 /* AsiadCal.app */,
				F29FFCEF2A1CD74800F74FF7 /* AsiadCalTests.xctest */,
				F29FFCF92A1CD74800F74FF7 /* AsiadCalUITests.xctest */,
			);
			name = Products;
			sourceTree = "<group>";
		};
		F29FFCE12A1CD74700F74FF7 /* AsiadCal */ = {
			isa = PBXGroup;
			children = (
				01E14A6E2A24974C0036F19D /* AsiadEvents */,
				F29FFCE22A1CD74700F74FF7 /* AsiadCalApp.swift */,
				F29FFCE42A1CD74700F74FF7 /* ContentView.swift */,
				0197BD142A25AF3900A250C9 /* recentEventView.swift */,
				0148DF2D2A2A3F14008D3993 /* UserView.swift */,
				0148DF2F2A2A4A1F008D3993 /* BackGroundView.swift */,
				F29FFD0C2A1CD84D00F74FF7 /* CalendarList.swift */,
				F29FFD0E2A1CD86F00F74FF7 /* CalendarView.swift */,
				019A5CE72A24C32900F2F654 /* NvgBar.swift */,
				F2DD732C2A244E10001712C1 /* ProjView.swift */,
				F2DD732E2A244E5D001712C1 /* CircleView.swift */,
				F2DD73302A244ED1001712C1 /* ProjData.swift */,
				F2DD73322A244EFE001712C1 /* ProjListView.swift */,
				F2DD73362A248F80001712C1 /* projDetailView.swift */,
				F2DD73382A249C42001712C1 /* MatchCapsuleView.swift */,
				0197BD182A27929B00A250C9 /* recommendView.swift */,
				F2DD73342A24521D001712C1 /* GlobalData.swift */,
				0197BD162A263FDB00A250C9 /* matchesData.json */,
				F29FFCE62A1CD74800F74FF7 /* Assets.xcassets */,
				01E14A6B2A24827B0036F19D /* backGround */,
				F2DD73112A244DE2001712C1 /* yayunGIFs */,
				F29FFCE82A1CD74800F74FF7 /* Preview Content */,
			);
			path = AsiadCal;
			sourceTree = "<group>";
		};
		F29FFCE82A1CD74800F74FF7 /* Preview Content */ = {
			isa = PBXGroup;
			children = (
				F29FFCE92A1CD74800F74FF7 /* Preview Assets.xcassets */,
			);
			path = "Preview Content";
			sourceTree = "<group>";
		};
		F29FFCF22A1CD74800F74FF7 /* AsiadCalTests */ = {
			isa = PBXGroup;
			children = (
				F29FFCF32A1CD74800F74FF7 /* AsiadCalTests.swift */,
			);
			path = AsiadCalTests;
			sourceTree = "<group>";
		};
		F29FFCFC2A1CD74800F74FF7 /* AsiadCalUITests */ = {
			isa = PBXGroup;
			children = (
				F29FFCFD2A1CD74800F74FF7 /* AsiadCalUITests.swift */,
				F29FFCFF2A1CD74800F74FF7 /* AsiadCalUITestsLaunchTests.swift */,
			);
			path = AsiadCalUITests;
			sourceTree = "<group>";
		};
		F2DD73112A244DE2001712C1 /* yayunGIFs */ = {
			isa = PBXGroup;
			children = (
				F2DD73122A244DE2001712C1 /* RugbySevens.gif */,
				F2DD73132A244DE2001712C1 /* Athletics.gif */,
				F2DD73142A244DE2001712C1 /* Swimming.gif */,
				F2DD73152A244DE2001712C1 /* Boxing.gif */,
				F2DD73162A244DE2001712C1 /* CanoeSlalom.gif */,
				F2DD73172A244DE2001712C1 /* Football.gif */,
				F2DD73182A244DE2001712C1 /* Basketball.gif */,
				F2DD73192A244DE2001712C1 /* DragonBoat.gif */,
				F2DD731A2A244DE2001712C1 /* CyclingRoad.gif */,
				F2DD731B2A244DE2001712C1 /* TableTennis.gif */,
				F2DD731C2A244DE2001712C1 /* CyclingMTB.gif */,
				F2DD731D2A244DE2001712C1 /* Trampoline.gif */,
				F2DD731E2A244DE2001712C1 /* Fencing.gif */,
			);
			path = yayunGIFs;
			sourceTree = "<group>";
		};
/* End PBXGroup section */

/* Begin PBXNativeTarget section */
		F29FFCDE2A1CD74700F74FF7 /* AsiadCal */ = {
			isa = PBXNativeTarget;
			buildConfigurationList = F29FFD032A1CD74800F74FF7 /* Build configuration list for PBXNativeTarget "AsiadCal" */;
			buildPhases = (
				E1142E90C9750AF7B2CA904E /* [CP] Check Pods Manifest.lock */,
				F29FFCDB2A1CD74700F74FF7 /* Sources */,
				F29FFCDC2A1CD74700F74FF7 /* Frameworks */,
				F29FFCDD2A1CD74700F74FF7 /* Resources */,
				CD1803DDF35CF4CD6336C8B4 /* [CP] Embed Pods Frameworks */,
			);
			buildRules = (
			);
			dependencies = (
			);
			name = AsiadCal;
			productName = AsiadCal;
			productReference = F29FFCDF2A1CD74700F74FF7 /* AsiadCal.app */;
			productType = "com.apple.product-type.application";
		};
		F29FFCEE2A1CD74800F74FF7 /* AsiadCalTests */ = {
			isa = PBXNativeTarget;
			buildConfigurationList = F29FFD062A1CD74800F74FF7 /* Build configuration list for PBXNativeTarget "AsiadCalTests" */;
			buildPhases = (
				F29FFCEB2A1CD74800F74FF7 /* Sources */,
				F29FFCEC2A1CD74800F74FF7 /* Frameworks */,
				F29FFCED2A1CD74800F74FF7 /* Resources */,
			);
			buildRules = (
			);
			dependencies = (
				F29FFCF12A1CD74800F74FF7 /* PBXTargetDependency */,
			);
			name = AsiadCalTests;
			productName = AsiadCalTests;
			productReference = F29FFCEF2A1CD74800F74FF7 /* AsiadCalTests.xctest */;
			productType = "com.apple.product-type.bundle.unit-test";
		};
		F29FFCF82A1CD74800F74FF7 /* AsiadCalUITests */ = {
			isa = PBXNativeTarget;
			buildConfigurationList = F29FFD092A1CD74800F74FF7 /* Build configuration list for PBXNativeTarget "AsiadCalUITests" */;
			buildPhases = (
				F29FFCF52A1CD74800F74FF7 /* Sources */,
				F29FFCF62A1CD74800F74FF7 /* Frameworks */,
				F29FFCF72A1CD74800F74FF7 /* Resources */,
			);
			buildRules = (
			);
			dependencies = (
				F29FFCFB2A1CD74800F74FF7 /* PBXTargetDependency */,
			);
			name = AsiadCalUITests;
			productName = AsiadCalUITests;
			productReference = F29FFCF92A1CD74800F74FF7 /* AsiadCalUITests.xctest */;
			productType = "com.apple.product-type.bundle.ui-testing";
		};
/* End PBXNativeTarget section */

/* Begin PBXProject section */
		F29FFCD72A1CD74700F74FF7 /* Project object */ = {
			isa = PBXProject;
			attributes = {
				BuildIndependentTargetsInParallel = 1;
				LastSwiftUpdateCheck = 1420;
				LastUpgradeCheck = 1420;
				TargetAttributes = {
					F29FFCDE2A1CD74700F74FF7 = {
						CreatedOnToolsVersion = 14.2;
					};
					F29FFCEE2A1CD74800F74FF7 = {
						CreatedOnToolsVersion = 14.2;
						TestTargetID = F29FFCDE2A1CD74700F74FF7;
					};
					F29FFCF82A1CD74800F74FF7 = {
						CreatedOnToolsVersion = 14.2;
						TestTargetID = F29FFCDE2A1CD74700F74FF7;
					};
				};
			};
			buildConfigurationList = F29FFCDA2A1CD74700F74FF7 /* Build configuration list for PBXProject "AsiadCal" */;
			compatibilityVersion = "Xcode 14.0";
			developmentRegion = en;
			hasScannedForEncodings = 0;
			knownRegions = (
				en,
				Base,
			);
			mainGroup = F29FFCD62A1CD74700F74FF7;
			productRefGroup = F29FFCE02A1CD74700F74FF7 /* Products */;
			projectDirPath = "";
			projectRoot = "";
			targets = (
				F29FFCDE2A1CD74700F74FF7 /* AsiadCal */,
				F29FFCEE2A1CD74800F74FF7 /* AsiadCalTests */,
				F29FFCF82A1CD74800F74FF7 /* AsiadCalUITests */,
			);
		};
/* End PBXProject section */

/* Begin PBXResourcesBuildPhase section */
		F29FFCDD2A1CD74700F74FF7 /* Resources */ = {
			isa = PBXResourcesBuildPhase;
			buildActionMask = 2147483647;
			files = (
				F2A095C22A2A3D5A00509A21 /* red.gif in Resources */,
				F2DD73282A244DE2001712C1 /* TableTennis.gif in Resources */,
				F2DD73292A244DE2001712C1 /* CyclingMTB.gif in Resources */,
				F2DD732B2A244DE2001712C1 /* Fencing.gif in Resources */,
				F2DD73232A244DE2001712C1 /* CanoeSlalom.gif in Resources */,
				F29FFCEA2A1CD74800F74FF7 /* Preview Assets.xcassets in Resources */,
				F2DD731F2A244DE2001712C1 /* RugbySevens.gif in Resources */,
				F2DD73242A244DE2001712C1 /* Football.gif in Resources */,
				F2DD73202A244DE2001712C1 /* Athletics.gif in Resources */,
				01E14A732A2498EE0036F19D /* events in Resources */,
				0197BD172A263FDB00A250C9 /* matchesData.json in Resources */,
				F2DD73222A244DE2001712C1 /* Boxing.gif in Resources */,
				F2DD73212A244DE2001712C1 /* Swimming.gif in Resources */,
				F2A095C12A2A3D5A00509A21 /* blue.gif in Resources */,
				F2DD732A2A244DE2001712C1 /* Trampoline.gif in Resources */,
				F2DD73252A244DE2001712C1 /* Basketball.gif in Resources */,
				F2DD73272A244DE2001712C1 /* CyclingRoad.gif in Resources */,
				F29FFCE72A1CD74800F74FF7 /* Assets.xcassets in Resources */,
				F2A095C32A2A3D5A00509A21 /* white.gif in Resources */,
				F2A095C42A2A3D5A00509A21 /* green.gif in Resources */,
				01E14A6D2A24830A0036F19D /* purple.gif in Resources */,
				F2A095C02A2A3D5A00509A21 /* yellow.gif in Resources */,
				F2DD73262A244DE2001712C1 /* DragonBoat.gif in Resources */,
			);
			runOnlyForDeploymentPostprocessing = 0;
		};
		F29FFCED2A1CD74800F74FF7 /* Resources */ = {
			isa = PBXResourcesBuildPhase;
			buildActionMask = 2147483647;
			files = (
			);
			runOnlyForDeploymentPostprocessing = 0;
		};
		F29FFCF72A1CD74800F74FF7 /* Resources */ = {
			isa = PBXResourcesBuildPhase;
			buildActionMask = 2147483647;
			files = (
			);
			runOnlyForDeploymentPostprocessing = 0;
		};
/* End PBXResourcesBuildPhase section */

/* Begin PBXShellScriptBuildPhase section */
		CD1803DDF35CF4CD6336C8B4 /* [CP] Embed Pods Frameworks */ = {
			isa = PBXShellScriptBuildPhase;
			buildActionMask = 2147483647;
			files = (
			);
			inputFileListPaths = (
				"${PODS_ROOT}/Target Support Files/Pods-AsiadCal/Pods-AsiadCal-frameworks-${CONFIGURATION}-input-files.xcfilelist",
			);
			name = "[CP] Embed Pods Frameworks";
			outputFileListPaths = (
				"${PODS_ROOT}/Target Support Files/Pods-AsiadCal/Pods-AsiadCal-frameworks-${CONFIGURATION}-output-files.xcfilelist",
			);
			runOnlyForDeploymentPostprocessing = 0;
			shellPath = /bin/sh;
			shellScript = "\"${PODS_ROOT}/Target Support Files/Pods-AsiadCal/Pods-AsiadCal-frameworks.sh\"\n";
			showEnvVarsInLog = 0;
		};
		E1142E90C9750AF7B2CA904E /* [CP] Check Pods Manifest.lock */ = {
			isa = PBXShellScriptBuildPhase;
			buildActionMask = 2147483647;
			files = (
			);
			inputFileListPaths = (
			);
			inputPaths = (
				"${PODS_PODFILE_DIR_PATH}/Podfile.lock",
				"${PODS_ROOT}/Manifest.lock",
			);
			name = "[CP] Check Pods Manifest.lock";
			outputFileListPaths = (
			);
			outputPaths = (
				"$(DERIVED_FILE_DIR)/Pods-AsiadCal-checkManifestLockResult.txt",
			);
			runOnlyForDeploymentPostprocessing = 0;
			shellPath = /bin/sh;
			shellScript = "diff \"${PODS_PODFILE_DIR_PATH}/Podfile.lock\" \"${PODS_ROOT}/Manifest.lock\" > /dev/null\nif [ $? != 0 ] ; then\n    # print error to STDERR\n    echo \"error: The sandbox is not in sync with the Podfile.lock. Run 'pod install' or update your CocoaPods installation.\" >&2\n    exit 1\nfi\n# This output is used by Xcode 'outputs' to avoid re-running this script phase.\necho \"SUCCESS\" > \"${SCRIPT_OUTPUT_FILE_0}\"\n";
			showEnvVarsInLog = 0;
		};
/* End PBXShellScriptBuildPhase section */

/* Begin PBXSourcesBuildPhase section */
		F29FFCDB2A1CD74700F74FF7 /* Sources */ = {
			isa = PBXSourcesBuildPhase;
			buildActionMask = 2147483647;
			files = (
				0197BD192A27929B00A250C9 /* recommendView.swift in Sources */,
				F2DD732F2A244E5D001712C1 /* CircleView.swift in Sources */,
				F29FFCE52A1CD74700F74FF7 /* ContentView.swift in Sources */,
				F2DD73372A248F80001712C1 /* projDetailView.swift in Sources */,
				F29FFCE32A1CD74700F74FF7 /* AsiadCalApp.swift in Sources */,
				F29FFD0F2A1CD86F00F74FF7 /* CalendarView.swift in Sources */,
				F2DD732D2A244E10001712C1 /* ProjView.swift in Sources */,
				0148DF2E2A2A3F14008D3993 /* UserView.swift in Sources */,
				0197BD152A25AF3900A250C9 /* recentEventView.swift in Sources */,
				019A5CE82A24C32900F2F654 /* NvgBar.swift in Sources */,
				0148DF302A2A4A1F008D3993 /* BackGroundView.swift in Sources */,
				F2DD73312A244ED1001712C1 /* ProjData.swift in Sources */,
				F2DD73352A24521D001712C1 /* GlobalData.swift in Sources */,
				F29FFD0D2A1CD84D00F74FF7 /* CalendarList.swift in Sources */,
				F2DD73332A244EFE001712C1 /* ProjListView.swift in Sources */,
				F2DD73392A249C42001712C1 /* MatchCapsuleView.swift in Sources */,
			);
			runOnlyForDeploymentPostprocessing = 0;
		};
		F29FFCEB2A1CD74800F74FF7 /* Sources */ = {
			isa = PBXSourcesBuildPhase;
			buildActionMask = 2147483647;
			files = (
				F29FFCF42A1CD74800F74FF7 /* AsiadCalTests.swift in Sources */,
			);
			runOnlyForDeploymentPostprocessing = 0;
		};
		F29FFCF52A1CD74800F74FF7 /* Sources */ = {
			isa = PBXSourcesBuildPhase;
			buildActionMask = 2147483647;
			files = (
				F29FFD002A1CD74800F74FF7 /* AsiadCalUITestsLaunchTests.swift in Sources */,
				F29FFCFE2A1CD74800F74FF7 /* AsiadCalUITests.swift in Sources */,
			);
			runOnlyForDeploymentPostprocessing = 0;
		};
/* End PBXSourcesBuildPhase section */

/* Begin PBXTargetDependency section */
		F29FFCF12A1CD74800F74FF7 /* PBXTargetDependency */ = {
			isa = PBXTargetDependency;
			target = F29FFCDE2A1CD74700F74FF7 /* AsiadCal */;
			targetProxy = F29FFCF02A1CD74800F74FF7 /* PBXContainerItemProxy */;
		};
		F29FFCFB2A1CD74800F74FF7 /* PBXTargetDependency */ = {
			isa = PBXTargetDependency;
			target = F29FFCDE2A1CD74700F74FF7 /* AsiadCal */;
			targetProxy = F29FFCFA2A1CD74800F74FF7 /* PBXContainerItemProxy */;
		};
/* End PBXTargetDependency section */

/* Begin XCBuildConfiguration section */
		F29FFD012A1CD74800F74FF7 /* Debug */ = {
			isa = XCBuildConfiguration;
			buildSettings = {
				ALWAYS_SEARCH_USER_PATHS = NO;
				CLANG_ANALYZER_NONNULL = YES;
				CLANG_ANALYZER_NUMBER_OBJECT_CONVERSION = YES_AGGRESSIVE;
				CLANG_CXX_LANGUAGE_STANDARD = "gnu++20";
				CLANG_ENABLE_MODULES = YES;
				CLANG_ENABLE_OBJC_ARC = YES;
				CLANG_ENABLE_OBJC_WEAK = YES;
				CLANG_WARN_BLOCK_CAPTURE_AUTORELEASING = YES;
				CLANG_WARN_BOOL_CONVERSION = YES;
				CLANG_WARN_COMMA = YES;
				CLANG_WARN_CONSTANT_CONVERSION = YES;
				CLANG_WARN_DEPRECATED_OBJC_IMPLEMENTATIONS = YES;
				CLANG_WARN_DIRECT_OBJC_ISA_USAGE = YES_ERROR;
				CLANG_WARN_DOCUMENTATION_COMMENTS = YES;
				CLANG_WARN_EMPTY_BODY = YES;
				CLANG_WARN_ENUM_CONVERSION = YES;
				CLANG_WARN_INFINITE_RECURSION = YES;
				CLANG_WARN_INT_CONVERSION = YES;
				CLANG_WARN_NON_LITERAL_NULL_CONVERSION = YES;
				CLANG_WARN_OBJC_IMPLICIT_RETAIN_SELF = YES;
				CLANG_WARN_OBJC_LITERAL_CONVERSION = YES;
				CLANG_WARN_OBJC_ROOT_CLASS = YES_ERROR;
				CLANG_WARN_QUOTED_INCLUDE_IN_FRAMEWORK_HEADER = YES;
				CLANG_WARN_RANGE_LOOP_ANALYSIS = YES;
				CLANG_WARN_STRICT_PROTOTYPES = YES;
				CLANG_WARN_SUSPICIOUS_MOVE = YES;
				CLANG_WARN_UNGUARDED_AVAILABILITY = YES_AGGRESSIVE;
				CLANG_WARN_UNREACHABLE_CODE = YES;
				CLANG_WARN__DUPLICATE_METHOD_MATCH = YES;
				COPY_PHASE_STRIP = NO;
				DEBUG_INFORMATION_FORMAT = dwarf;
				ENABLE_STRICT_OBJC_MSGSEND = YES;
				ENABLE_TESTABILITY = YES;
				GCC_C_LANGUAGE_STANDARD = gnu11;
				GCC_DYNAMIC_NO_PIC = NO;
				GCC_NO_COMMON_BLOCKS = YES;
				GCC_OPTIMIZATION_LEVEL = 0;
				GCC_PREPROCESSOR_DEFINITIONS = (
					"DEBUG=1",
					"$(inherited)",
				);
				GCC_WARN_64_TO_32_BIT_CONVERSION = YES;
				GCC_WARN_ABOUT_RETURN_TYPE = YES_ERROR;
				GCC_WARN_UNDECLARED_SELECTOR = YES;
				GCC_WARN_UNINITIALIZED_AUTOS = YES_AGGRESSIVE;
				GCC_WARN_UNUSED_FUNCTION = YES;
				GCC_WARN_UNUSED_VARIABLE = YES;
				IPHONEOS_DEPLOYMENT_TARGET = 16.2;
				MTL_ENABLE_DEBUG_INFO = INCLUDE_SOURCE;
				MTL_FAST_MATH = YES;
				ONLY_ACTIVE_ARCH = YES;
				SDKROOT = iphoneos;
				SWIFT_ACTIVE_COMPILATION_CONDITIONS = DEBUG;
				SWIFT_OPTIMIZATION_LEVEL = "-Onone";
			};
			name = Debug;
		};
		F29FFD022A1CD74800F74FF7 /* Release */ = {
			isa = XCBuildConfiguration;
			buildSettings = {
				ALWAYS_SEARCH_USER_PATHS = NO;
				CLANG_ANALYZER_NONNULL = YES;
				CLANG_ANALYZER_NUMBER_OBJECT_CONVERSION = YES_AGGRESSIVE;
				CLANG_CXX_LANGUAGE_STANDARD = "gnu++20";
				CLANG_ENABLE_MODULES = YES;
				CLANG_ENABLE_OBJC_ARC = YES;
				CLANG_ENABLE_OBJC_WEAK = YES;
				CLANG_WARN_BLOCK_CAPTURE_AUTORELEASING = YES;
				CLANG_WARN_BOOL_CONVERSION = YES;
				CLANG_WARN_COMMA = YES;
				CLANG_WARN_CONSTANT_CONVERSION = YES;
				CLANG_WARN_DEPRECATED_OBJC_IMPLEMENTATIONS = YES;
				CLANG_WARN_DIRECT_OBJC_ISA_USAGE = YES_ERROR;
				CLANG_WARN_DOCUMENTATION_COMMENTS = YES;
				CLANG_WARN_EMPTY_BODY = YES;
				CLANG_WARN_ENUM_CONVERSION = YES;
				CLANG_WARN_INFINITE_RECURSION = YES;
				CLANG_WARN_INT_CONVERSION = YES;
				CLANG_WARN_NON_LITERAL_NULL_CONVERSION = YES;
				CLANG_WARN_OBJC_IMPLICIT_RETAIN_SELF = YES;
				CLANG_WARN_OBJC_LITERAL_CONVERSION = YES;
				CLANG_WARN_OBJC_ROOT_CLASS = YES_ERROR;
				CLANG_WARN_QUOTED_INCLUDE_IN_FRAMEWORK_HEADER = YES;
				CLANG_WARN_RANGE_LOOP_ANALYSIS = YES;
				CLANG_WARN_STRICT_PROTOTYPES = YES;
				CLANG_WARN_SUSPICIOUS_MOVE = YES;
				CLANG_WARN_UNGUARDED_AVAILABILITY = YES_AGGRESSIVE;
				CLANG_WARN_UNREACHABLE_CODE = YES;
				CLANG_WARN__DUPLICATE_METHOD_MATCH = YES;
				COPY_PHASE_STRIP = NO;
				DEBUG_INFORMATION_FORMAT = "dwarf-with-dsym";
				ENABLE_NS_ASSERTIONS = NO;
				ENABLE_STRICT_OBJC_MSGSEND = YES;
				GCC_C_LANGUAGE_STANDARD = gnu11;
				GCC_NO_COMMON_BLOCKS = YES;
				GCC_WARN_64_TO_32_BIT_CONVERSION = YES;
				GCC_WARN_ABOUT_RETURN_TYPE = YES_ERROR;
				GCC_WARN_UNDECLARED_SELECTOR = YES;
				GCC_WARN_UNINITIALIZED_AUTOS = YES_AGGRESSIVE;
				GCC_WARN_UNUSED_FUNCTION = YES;
				GCC_WARN_UNUSED_VARIABLE = YES;
				IPHONEOS_DEPLOYMENT_TARGET = 16.2;
				MTL_ENABLE_DEBUG_INFO = NO;
				MTL_FAST_MATH = YES;
				SDKROOT = iphoneos;
				SWIFT_COMPILATION_MODE = wholemodule;
				SWIFT_OPTIMIZATION_LEVEL = "-O";
				VALIDATE_PRODUCT = YES;
			};
			name = Release;
		};
		F29FFD042A1CD74800F74FF7 /* Debug */ = {
			isa = XCBuildConfiguration;
			baseConfigurationReference = 3460C89AFE68EAF7FF18B341 /* Pods-AsiadCal.debug.xcconfig */;
			buildSettings = {
				ASSETCATALOG_COMPILER_APPICON_NAME = AppIcon;
				ASSETCATALOG_COMPILER_GLOBAL_ACCENT_COLOR_NAME = AccentColor;
				CODE_SIGN_STYLE = Automatic;
				CURRENT_PROJECT_VERSION = 1;
				DEVELOPMENT_ASSET_PATHS = "\"AsiadCal/Preview Content\"";
				ENABLE_PREVIEWS = YES;
				GENERATE_INFOPLIST_FILE = YES;
				INFOPLIST_KEY_UIApplicationSceneManifest_Generation = YES;
				INFOPLIST_KEY_UIApplicationSupportsIndirectInputEvents = YES;
				INFOPLIST_KEY_UILaunchScreen_Generation = YES;
				INFOPLIST_KEY_UISupportedInterfaceOrientations_iPad = "UIInterfaceOrientationPortrait UIInterfaceOrientationPortraitUpsideDown UIInterfaceOrientationLandscapeLeft UIInterfaceOrientationLandscapeRight";
				INFOPLIST_KEY_UISupportedInterfaceOrientations_iPhone = "UIInterfaceOrientationPortrait UIInterfaceOrientationLandscapeLeft UIInterfaceOrientationLandscapeRight";
				LD_RUNPATH_SEARCH_PATHS = (
					"$(inherited)",
					"@executable_path/Frameworks",
				);
				MARKETING_VERSION = 1.0;
				PRODUCT_BUNDLE_IDENTIFIER = "com.example.apple-samplecode.AsiadCal";
				PRODUCT_NAME = "$(TARGET_NAME)";
				SWIFT_EMIT_LOC_STRINGS = YES;
				SWIFT_VERSION = 5.0;
				TARGETED_DEVICE_FAMILY = "1,2";
			};
			name = Debug;
		};
		F29FFD052A1CD74800F74FF7 /* Release */ = {
			isa = XCBuildConfiguration;
			baseConfigurationReference = 94F9BDAB82CF89C04988B940 /* Pods-AsiadCal.release.xcconfig */;
			buildSettings = {
				ASSETCATALOG_COMPILER_APPICON_NAME = AppIcon;
				ASSETCATALOG_COMPILER_GLOBAL_ACCENT_COLOR_NAME = AccentColor;
				CODE_SIGN_STYLE = Automatic;
				CURRENT_PROJECT_VERSION = 1;
				DEVELOPMENT_ASSET_PATHS = "\"AsiadCal/Preview Content\"";
				ENABLE_PREVIEWS = YES;
				GENERATE_INFOPLIST_FILE = YES;
				INFOPLIST_KEY_UIApplicationSceneManifest_Generation = YES;
				INFOPLIST_KEY_UIApplicationSupportsIndirectInputEvents = YES;
				INFOPLIST_KEY_UILaunchScreen_Generation = YES;
				INFOPLIST_KEY_UISupportedInterfaceOrientations_iPad = "UIInterfaceOrientationPortrait UIInterfaceOrientationPortraitUpsideDown UIInterfaceOrientationLandscapeLeft UIInterfaceOrientationLandscapeRight";
				INFOPLIST_KEY_UISupportedInterfaceOrientations_iPhone = "UIInterfaceOrientationPortrait UIInterfaceOrientationLandscapeLeft UIInterfaceOrientationLandscapeRight";
				LD_RUNPATH_SEARCH_PATHS = (
					"$(inherited)",
					"@executable_path/Frameworks",
				);
				MARKETING_VERSION = 1.0;
				PRODUCT_BUNDLE_IDENTIFIER = "com.example.apple-samplecode.AsiadCal";
				PRODUCT_NAME = "$(TARGET_NAME)";
				SWIFT_EMIT_LOC_STRINGS = YES;
				SWIFT_VERSION = 5.0;
				TARGETED_DEVICE_FAMILY = "1,2";
			};
			name = Release;
		};
		F29FFD072A1CD74800F74FF7 /* Debug */ = {
			isa = XCBuildConfiguration;
			buildSettings = {
				ALWAYS_EMBED_SWIFT_STANDARD_LIBRARIES = YES;
				BUNDLE_LOADER = "$(TEST_HOST)";
				CODE_SIGN_STYLE = Automatic;
				CURRENT_PROJECT_VERSION = 1;
				GENERATE_INFOPLIST_FILE = YES;
				IPHONEOS_DEPLOYMENT_TARGET = 16.2;
				MARKETING_VERSION = 1.0;
				PRODUCT_BUNDLE_IDENTIFIER = "com.example.apple-samplecode.AsiadCalTests";
				PRODUCT_NAME = "$(TARGET_NAME)";
				SWIFT_EMIT_LOC_STRINGS = NO;
				SWIFT_VERSION = 5.0;
				TARGETED_DEVICE_FAMILY = "1,2";
				TEST_HOST = "$(BUILT_PRODUCTS_DIR)/AsiadCal.app/$(BUNDLE_EXECUTABLE_FOLDER_PATH)/AsiadCal";
			};
			name = Debug;
		};
		F29FFD082A1CD74800F74FF7 /* Release */ = {
			isa = XCBuildConfiguration;
			buildSettings = {
				ALWAYS_EMBED_SWIFT_STANDARD_LIBRARIES = YES;
				BUNDLE_LOADER = "$(TEST_HOST)";
				CODE_SIGN_STYLE = Automatic;
				CURRENT_PROJECT_VERSION = 1;
				GENERATE_INFOPLIST_FILE = YES;
				IPHONEOS_DEPLOYMENT_TARGET = 16.2;
				MARKETING_VERSION = 1.0;
				PRODUCT_BUNDLE_IDENTIFIER = "com.example.apple-samplecode.AsiadCalTests";
				PRODUCT_NAME = "$(TARGET_NAME)";
				SWIFT_EMIT_LOC_STRINGS = NO;
				SWIFT_VERSION = 5.0;
				TARGETED_DEVICE_FAMILY = "1,2";
				TEST_HOST = "$(BUILT_PRODUCTS_DIR)/AsiadCal.app/$(BUNDLE_EXECUTABLE_FOLDER_PATH)/AsiadCal";
			};
			name = Release;
		};
		F29FFD0A2A1CD74800F74FF7 /* Debug */ = {
			isa = XCBuildConfiguration;
			buildSettings = {
				ALWAYS_EMBED_SWIFT_STANDARD_LIBRARIES = YES;
				CODE_SIGN_STYLE = Automatic;
				CURRENT_PROJECT_VERSION = 1;
				GENERATE_INFOPLIST_FILE = YES;
				MARKETING_VERSION = 1.0;
				PRODUCT_BUNDLE_IDENTIFIER = "com.example.apple-samplecode.AsiadCalUITests";
				PRODUCT_NAME = "$(TARGET_NAME)";
				SWIFT_EMIT_LOC_STRINGS = NO;
				SWIFT_VERSION = 5.0;
				TARGETED_DEVICE_FAMILY = "1,2";
				TEST_TARGET_NAME = AsiadCal;
			};
			name = Debug;
		};
		F29FFD0B2A1CD74800F74FF7 /* Release */ = {
			isa = XCBuildConfiguration;
			buildSettings = {
				ALWAYS_EMBED_SWIFT_STANDARD_LIBRARIES = YES;
				CODE_SIGN_STYLE = Automatic;
				CURRENT_PROJECT_VERSION = 1;
				GENERATE_INFOPLIST_FILE = YES;
				MARKETING_VERSION = 1.0;
				PRODUCT_BUNDLE_IDENTIFIER = "com.example.apple-samplecode.AsiadCalUITests";
				PRODUCT_NAME = "$(TARGET_NAME)";
				SWIFT_EMIT_LOC_STRINGS = NO;
				SWIFT_VERSION = 5.0;
				TARGETED_DEVICE_FAMILY = "1,2";
				TEST_TARGET_NAME = AsiadCal;
			};
			name = Release;
		};
/* End XCBuildConfiguration section */

/* Begin XCConfigurationList section */
		F29FFCDA2A1CD74700F74FF7 /* Build configuration list for PBXProject "AsiadCal" */ = {
			isa = XCConfigurationList;
			buildConfigurations = (
				F29FFD012A1CD74800F74FF7 /* Debug */,
				F29FFD022A1CD74800F74FF7 /* Release */,
			);
			defaultConfigurationIsVisible = 0;
			defaultConfigurationName = Release;
		};
		F29FFD032A1CD74800F74FF7 /* Build configuration list for PBXNativeTarget "AsiadCal" */ = {
			isa = XCConfigurationList;
			buildConfigurations = (
				F29FFD042A1CD74800F74FF7 /* Debug */,
				F29FFD052A1CD74800F74FF7 /* Release */,
			);
			defaultConfigurationIsVisible = 0;
			defaultConfigurationName = Release;
		};
		F29FFD062A1CD74800F74FF7 /* Build configuration list for PBXNativeTarget "AsiadCalTests" */ = {
			isa = XCConfigurationList;
			buildConfigurations = (
				F29FFD072A1CD74800F74FF7 /* Debug */,
				F29FFD082A1CD74800F74FF7 /* Release */,
			);
			defaultConfigurationIsVisible = 0;
			defaultConfigurationName = Release;
		};
		F29FFD092A1CD74800F74FF7 /* Build configuration list for PBXNativeTarget "AsiadCalUITests" */ = {
			isa = XCConfigurationList;
			buildConfigurations = (
				F29FFD0A2A1CD74800F74FF7 /* Debug */,
				F29FFD0B2A1CD74800F74FF7 /* Release */,
			);
			defaultConfigurationIsVisible = 0;
			defaultConfigurationName = Release;
		};
/* End XCConfigurationList section */
	};
	rootObject = F29FFCD72A1CD74700F74FF7 /* Project object */;
}
